
Microsoft Visual Studio Solution File, Format Version 12.00
# Visual Studio Version 16
VisualStudioVersion = 16.0.29609.76
MinimumVisualStudioVersion = 10.0.40219.1
Project("{FAE04EC0-301F-11D3-BF4B-00C04F79EFBC}") = "JamesOrr_PE04", "JamesOrr_PE04\JamesOrr_PE04.csproj", "{F656FCDC-5853-4F36-8C1F-8964DB8C7124}"
EndProject
Global
	GlobalSection(SolutionConfigurationPlatforms) = preSolution
		Debug|Any CPU = Debug|Any CPU
		Release|Any CPU = Release|Any CPU
	EndGlobalSection
	GlobalSection(ProjectConfigurationPlatforms) = postSolution
		{F656FCDC-5853-4F36-8C1F-8964DB8C7124}.Debug|Any CPU.ActiveCfg = Debug|Any CPU
		{F656FCDC-5853-4F36-8C1F-8964DB8C7124}.Debug|Any CPU.Build.0 = Debug|Any CPU
		{F656FCDC-5853-4F36-8C1F-8964DB8C7124}.Release|Any CPU.ActiveCfg = Release|Any CPU
		{F656FCDC-5853-4F36-8C1F-8964DB8C7124}.Release|Any CPU.Build.0 = Release|Any CPU
	EndGlobalSection
	GlobalSection(SolutionProperties) = preSolution
		HideSolutionNode = FALSE
	EndGlobalSection
	GlobalSection(ExtensibilityGlobals) = postSolution
		SolutionGuid = {FC0EA610-BF10-45E1-9F4A-2A8E39DFBBB3}
	EndGlobalSection
EndGlobal
