
Microsoft Visual Studio Solution File, Format Version 12.00
# Visual Studio Version 16
VisualStudioVersion = 16.0.29609.76
MinimumVisualStudioVersion = 10.0.40219.1
Project("{FAE04EC0-301F-11D3-BF4B-00C04F79EFBC}") = "JamesOrr_PE08", "JamesOrr_PE08\JamesOrr_PE08.csproj", "{DADA24FA-9584-4C88-BE7D-D852CB40F4EE}"
EndProject
Global
	GlobalSection(SolutionConfigurationPlatforms) = preSolution
		Debug|Any CPU = Debug|Any CPU
		Release|Any CPU = Release|Any CPU
	EndGlobalSection
	GlobalSection(ProjectConfigurationPlatforms) = postSolution
		{DADA24FA-9584-4C88-BE7D-D852CB40F4EE}.Debug|Any CPU.ActiveCfg = Debug|Any CPU
		{DADA24FA-9584-4C88-BE7D-D852CB40F4EE}.Debug|Any CPU.Build.0 = Debug|Any CPU
		{DADA24FA-9584-4C88-BE7D-D852CB40F4EE}.Release|Any CPU.ActiveCfg = Release|Any CPU
		{DADA24FA-9584-4C88-BE7D-D852CB40F4EE}.Release|Any CPU.Build.0 = Release|Any CPU
	EndGlobalSection
	GlobalSection(SolutionProperties) = preSolution
		HideSolutionNode = FALSE
	EndGlobalSection
	GlobalSection(ExtensibilityGlobals) = postSolution
		SolutionGuid = {CD93BEB6-7765-4B1D-BB6F-62A99A8FD806}
	EndGlobalSection
EndGlobal
