
Microsoft Visual Studio Solution File, Format Version 12.00
# Visual Studio Version 16
VisualStudioVersion = 16.0.29609.76
MinimumVisualStudioVersion = 10.0.40219.1
Project("{FAE04EC0-301F-11D3-BF4B-00C04F79EFBC}") = "JamesOrr_PE09_Client", "JamesOrr_PE09\JamesOrr_PE09_Client.csproj", "{CE0862D9-BBB3-4678-B04B-AECD02BE518B}"
EndProject
Global
	GlobalSection(SolutionConfigurationPlatforms) = preSolution
		Debug|Any CPU = Debug|Any CPU
		Release|Any CPU = Release|Any CPU
	EndGlobalSection
	GlobalSection(ProjectConfigurationPlatforms) = postSolution
		{CE0862D9-BBB3-4678-B04B-AECD02BE518B}.Debug|Any CPU.ActiveCfg = Debug|Any CPU
		{CE0862D9-BBB3-4678-B04B-AECD02BE518B}.Debug|Any CPU.Build.0 = Debug|Any CPU
		{CE0862D9-BBB3-4678-B04B-AECD02BE518B}.Release|Any CPU.ActiveCfg = Release|Any CPU
		{CE0862D9-BBB3-4678-B04B-AECD02BE518B}.Release|Any CPU.Build.0 = Release|Any CPU
	EndGlobalSection
	GlobalSection(SolutionProperties) = preSolution
		HideSolutionNode = FALSE
	EndGlobalSection
	GlobalSection(ExtensibilityGlobals) = postSolution
		SolutionGuid = {63C730E5-93AF-44B4-B20A-090CF7272EA5}
	EndGlobalSection
EndGlobal
