
Microsoft Visual Studio Solution File, Format Version 12.00
# Visual Studio Version 16
VisualStudioVersion = 16.0.29609.76
MinimumVisualStudioVersion = 10.0.40219.1
Project("{FAE04EC0-301F-11D3-BF4B-00C04F79EFBC}") = "ArmyOfOne_LevelDesigner", "ArmyOfOne_LevelDesigner\ArmyOfOne_LevelDesigner.csproj", "{F31821AB-A895-4B25-8DC6-E83919926C62}"
EndProject
Global
	GlobalSection(SolutionConfigurationPlatforms) = preSolution
		Debug|Any CPU = Debug|Any CPU
		Release|Any CPU = Release|Any CPU
	EndGlobalSection
	GlobalSection(ProjectConfigurationPlatforms) = postSolution
		{F31821AB-A895-4B25-8DC6-E83919926C62}.Debug|Any CPU.ActiveCfg = Debug|Any CPU
		{F31821AB-A895-4B25-8DC6-E83919926C62}.Debug|Any CPU.Build.0 = Debug|Any CPU
		{F31821AB-A895-4B25-8DC6-E83919926C62}.Release|Any CPU.ActiveCfg = Release|Any CPU
		{F31821AB-A895-4B25-8DC6-E83919926C62}.Release|Any CPU.Build.0 = Release|Any CPU
	EndGlobalSection
	GlobalSection(SolutionProperties) = preSolution
		HideSolutionNode = FALSE
	EndGlobalSection
	GlobalSection(ExtensibilityGlobals) = postSolution
		SolutionGuid = {1FA5514F-42E0-4D6A-9BC8-0F15EC7E0C89}
	EndGlobalSection
EndGlobal
